
Microsoft Visual Studio Solution File, Format Version 12.00
# Visual Studio Version 16
VisualStudioVersion = 16.0.29009.5
MinimumVisualStudioVersion = 10.0.40219.1
Project("{FAE04EC0-301F-11D3-BF4B-00C04F79EFBC}") = "SpargoCalc", "SpargoCalc\SpargoCalc.csproj", "{81E85253-5533-4A41-9FA1-39F2EE3A7E8E}"
EndProject
Project("{FAE04EC0-301F-11D3-BF4B-00C04F79EFBC}") = "SpargoCalcTests", "SpargoCalcTests\SpargoCalcTests.csproj", "{C1F8B2F0-0F12-41D8-BA54-54C48A612F1B}"
EndProject
Global
	GlobalSection(SolutionConfigurationPlatforms) = preSolution
		Debug|Any CPU = Debug|Any CPU
		Release|Any CPU = Release|Any CPU
	EndGlobalSection
	GlobalSection(ProjectConfigurationPlatforms) = postSolution
		{81E85253-5533-4A41-9FA1-39F2EE3A7E8E}.Debug|Any CPU.ActiveCfg = Debug|Any CPU
		{81E85253-5533-4A41-9FA1-39F2EE3A7E8E}.Debug|Any CPU.Build.0 = Debug|Any CPU
		{81E85253-5533-4A41-9FA1-39F2EE3A7E8E}.Release|Any CPU.ActiveCfg = Release|Any CPU
		{81E85253-5533-4A41-9FA1-39F2EE3A7E8E}.Release|Any CPU.Build.0 = Release|Any CPU
		{C1F8B2F0-0F12-41D8-BA54-54C48A612F1B}.Debug|Any CPU.ActiveCfg = Debug|Any CPU
		{C1F8B2F0-0F12-41D8-BA54-54C48A612F1B}.Debug|Any CPU.Build.0 = Debug|Any CPU
		{C1F8B2F0-0F12-41D8-BA54-54C48A612F1B}.Release|Any CPU.ActiveCfg = Release|Any CPU
		{C1F8B2F0-0F12-41D8-BA54-54C48A612F1B}.Release|Any CPU.Build.0 = Release|Any CPU
	EndGlobalSection
	GlobalSection(SolutionProperties) = preSolution
		HideSolutionNode = FALSE
	EndGlobalSection
	GlobalSection(ExtensibilityGlobals) = postSolution
		SolutionGuid = {47FF6787-7E5A-494C-AA23-92C089601CBB}
	EndGlobalSection
EndGlobal
